// !$*UTF8*$!
{
	archiveVersion = 1;
	classes = {
	};
	objectVersion = 56;
	objects = {

/* Begin PBXBuildFile section */
		410B418C2A6787C200829114 /* NavBarHome.xib in Resources */ = {isa = PBXBuildFile; fileRef = 410B41852A6787C100829114 /* NavBarHome.xib */; };
		410B418D2A6787C200829114 /* NavBarHome.swift in Sources */ = {isa = PBXBuildFile; fileRef = 410B41862A6787C100829114 /* NavBarHome.swift */; };
		410B418E2A6787C200829114 /* GradientButton.swift in Sources */ = {isa = PBXBuildFile; fileRef = 410B418A2A6787C100829114 /* GradientButton.swift */; };
		410B418F2A6787C200829114 /* BaseView.swift in Sources */ = {isa = PBXBuildFile; fileRef = 410B418B2A6787C100829114 /* BaseView.swift */; };
		410B41932A6788BE00829114 /* FilmCell.swift in Sources */ = {isa = PBXBuildFile; fileRef = 410B41912A6788BE00829114 /* FilmCell.swift */; };
		410B41942A6788BE00829114 /* FilmCell.xib in Resources */ = {isa = PBXBuildFile; fileRef = 410B41922A6788BE00829114 /* FilmCell.xib */; };
		410B41972A678C8D00829114 /* AppColor.swift in Sources */ = {isa = PBXBuildFile; fileRef = 410B41962A678C8D00829114 /* AppColor.swift */; };
		410B419A2A678D3000829114 /* UIColor+.swift in Sources */ = {isa = PBXBuildFile; fileRef = 410B41992A678D3000829114 /* UIColor+.swift */; };
		410B419C2A678D5900829114 /* UIView+.swift in Sources */ = {isa = PBXBuildFile; fileRef = 410B419B2A678D5900829114 /* UIView+.swift */; };
		41C15D5E2A6A24B20058B075 /* Home.xcassets in Resources */ = {isa = PBXBuildFile; fileRef = 41C15D5D2A6A24B20058B075 /* Home.xcassets */; };
		41C15D602A6A43030058B075 /* UIImage+.swift in Sources */ = {isa = PBXBuildFile; fileRef = 41C15D5F2A6A43030058B075 /* UIImage+.swift */; };
		41C15D622A6A43A70058B075 /* Number+.swift in Sources */ = {isa = PBXBuildFile; fileRef = 41C15D612A6A43A70058B075 /* Number+.swift */; };
		41C15D642A6A7D090058B075 /* UIViewcontroller+.swift in Sources */ = {isa = PBXBuildFile; fileRef = 41C15D632A6A7D090058B075 /* UIViewcontroller+.swift */; };
		41C15D682A6A92060058B075 /* FilmsCell.xib in Resources */ = {isa = PBXBuildFile; fileRef = 41C15D662A6A92060058B075 /* FilmsCell.xib */; };
		41D32A2C2A1E024E001D9E0F /* AppDelegate.swift in Sources */ = {isa = PBXBuildFile; fileRef = 41D32A2B2A1E024E001D9E0F /* AppDelegate.swift */; };
		41D32A302A1E024E001D9E0F /* ViewController.swift in Sources */ = {isa = PBXBuildFile; fileRef = 41D32A2F2A1E024E001D9E0F /* ViewController.swift */; };
		41D32A332A1E024E001D9E0F /* Main.storyboard in Resources */ = {isa = PBXBuildFile; fileRef = 41D32A312A1E024E001D9E0F /* Main.storyboard */; };
		41D32A352A1E0251001D9E0F /* Assets.xcassets in Resources */ = {isa = PBXBuildFile; fileRef = 41D32A342A1E0251001D9E0F /* Assets.xcassets */; };
		41D32A382A1E0251001D9E0F /* LaunchScreen.storyboard in Resources */ = {isa = PBXBuildFile; fileRef = 41D32A362A1E0251001D9E0F /* LaunchScreen.storyboard */; };
		41D32A432A1E0252001D9E0F /* RxSwift_MVVMTests.swift in Sources */ = {isa = PBXBuildFile; fileRef = 41D32A422A1E0252001D9E0F /* RxSwift_MVVMTests.swift */; };
		41D32A4D2A1E0252001D9E0F /* RxSwift_MVVMUITests.swift in Sources */ = {isa = PBXBuildFile; fileRef = 41D32A4C2A1E0252001D9E0F /* RxSwift_MVVMUITests.swift */; };
		41D32A4F2A1E0252001D9E0F /* RxSwift_MVVMUITestsLaunchTests.swift in Sources */ = {isa = PBXBuildFile; fileRef = 41D32A4E2A1E0252001D9E0F /* RxSwift_MVVMUITestsLaunchTests.swift */; };
		41D32A5D2A1E046D001D9E0F /* ListData.xib in Resources */ = {isa = PBXBuildFile; fileRef = 41D32A5C2A1E046D001D9E0F /* ListData.xib */; };
		41D32A5F2A1E047C001D9E0F /* ListDataModel.swift in Sources */ = {isa = PBXBuildFile; fileRef = 41D32A5E2A1E047C001D9E0F /* ListDataModel.swift */; };
		41D32A612A1E0486001D9E0F /* ListDataViewModel.swift in Sources */ = {isa = PBXBuildFile; fileRef = 41D32A602A1E0486001D9E0F /* ListDataViewModel.swift */; };
		41D32A632A1E049A001D9E0F /* ListDataViewController.swift in Sources */ = {isa = PBXBuildFile; fileRef = 41D32A622A1E049A001D9E0F /* ListDataViewController.swift */; };
		4D525E195FD3B670B7F59230 /* Pods_RxSwift_MVVMTests.framework in Frameworks */ = {isa = PBXBuildFile; fileRef = 9ABF7E1E6BA6EE5FFEDA7B39 /* Pods_RxSwift_MVVMTests.framework */; };
		78BA4B2804B54856EC993F14 /* Pods_RxSwift_MVVM.framework in Frameworks */ = {isa = PBXBuildFile; fileRef = EC39B4BD7961A98E0C1E27A4 /* Pods_RxSwift_MVVM.framework */; };
		D273BDBE1F7D95DE27928D5C /* Pods_RxSwift_MVVM_RxSwift_MVVMUITests.framework in Frameworks */ = {isa = PBXBuildFile; fileRef = 9F2BB223380C8B80A371B458 /* Pods_RxSwift_MVVM_RxSwift_MVVMUITests.framework */; };
/* End PBXBuildFile section */

/* Begin PBXContainerItemProxy section */
		41D32A3F2A1E0252001D9E0F /* PBXContainerItemProxy */ = {
			isa = PBXContainerItemProxy;
			containerPortal = 41D32A202A1E024E001D9E0F /* Project object */;
			proxyType = 1;
			remoteGlobalIDString = 41D32A272A1E024E001D9E0F;
			remoteInfo = "RxSwift+MVVM";
		};
		41D32A492A1E0252001D9E0F /* PBXContainerItemProxy */ = {
			isa = PBXContainerItemProxy;
			containerPortal = 41D32A202A1E024E001D9E0F /* Project object */;
			proxyType = 1;
			remoteGlobalIDString = 41D32A272A1E024E001D9E0F;
			remoteInfo = "RxSwift+MVVM";
		};
/* End PBXContainerItemProxy section */

/* Begin PBXFileReference section */
		410B41852A6787C100829114 /* NavBarHome.xib */ = {isa = PBXFileReference; fileEncoding = 4; lastKnownFileType = file.xib; path = NavBarHome.xib; sourceTree = "<group>"; };
		410B41862A6787C100829114 /* NavBarHome.swift */ = {isa = PBXFileReference; fileEncoding = 4; lastKnownFileType = sourcecode.swift; path = NavBarHome.swift; sourceTree = "<group>"; };
		410B418A2A6787C100829114 /* GradientButton.swift */ = {isa = PBXFileReference; fileEncoding = 4; lastKnownFileType = sourcecode.swift; path = GradientButton.swift; sourceTree = "<group>"; };
		410B418B2A6787C100829114 /* BaseView.swift */ = {isa = PBXFileReference; fileEncoding = 4; lastKnownFileType = sourcecode.swift; path = BaseView.swift; sourceTree = "<group>"; };
		410B41912A6788BE00829114 /* FilmCell.swift */ = {isa = PBXFileReference; lastKnownFileType = sourcecode.swift; path = FilmCell.swift; sourceTree = "<group>"; };
		410B41922A6788BE00829114 /* FilmCell.xib */ = {isa = PBXFileReference; lastKnownFileType = file.xib; path = FilmCell.xib; sourceTree = "<group>"; };
		410B41962A678C8D00829114 /* AppColor.swift */ = {isa = PBXFileReference; lastKnownFileType = sourcecode.swift; path = AppColor.swift; sourceTree = "<group>"; };
		410B41992A678D3000829114 /* UIColor+.swift */ = {isa = PBXFileReference; lastKnownFileType = sourcecode.swift; path = "UIColor+.swift"; sourceTree = "<group>"; };
		410B419B2A678D5900829114 /* UIView+.swift */ = {isa = PBXFileReference; lastKnownFileType = sourcecode.swift; path = "UIView+.swift"; sourceTree = "<group>"; };
		41C15D5D2A6A24B20058B075 /* Home.xcassets */ = {isa = PBXFileReference; lastKnownFileType = folder.assetcatalog; path = Home.xcassets; sourceTree = "<group>"; };
		41C15D5F2A6A43030058B075 /* UIImage+.swift */ = {isa = PBXFileReference; lastKnownFileType = sourcecode.swift; path = "UIImage+.swift"; sourceTree = "<group>"; };
		41C15D612A6A43A70058B075 /* Number+.swift */ = {isa = PBXFileReference; lastKnownFileType = sourcecode.swift; path = "Number+.swift"; sourceTree = "<group>"; };
		41C15D632A6A7D090058B075 /* UIViewcontroller+.swift */ = {isa = PBXFileReference; lastKnownFileType = sourcecode.swift; path = "UIViewcontroller+.swift"; sourceTree = "<group>"; };
		41C15D662A6A92060058B075 /* FilmsCell.xib */ = {isa = PBXFileReference; lastKnownFileType = file.xib; path = FilmsCell.xib; sourceTree = "<group>"; };
		41D32A282A1E024E001D9E0F /* RxSwift+MVVM.app */ = {isa = PBXFileReference; explicitFileType = wrapper.application; includeInIndex = 0; path = "RxSwift+MVVM.app"; sourceTree = BUILT_PRODUCTS_DIR; };
		41D32A2B2A1E024E001D9E0F /* AppDelegate.swift */ = {isa = PBXFileReference; lastKnownFileType = sourcecode.swift; path = AppDelegate.swift; sourceTree = "<group>"; };
		41D32A2F2A1E024E001D9E0F /* ViewController.swift */ = {isa = PBXFileReference; lastKnownFileType = sourcecode.swift; path = ViewController.swift; sourceTree = "<group>"; };
		41D32A322A1E024E001D9E0F /* Base */ = {isa = PBXFileReference; lastKnownFileType = file.storyboard; name = Base; path = Base.lproj/Main.storyboard; sourceTree = "<group>"; };
		41D32A342A1E0251001D9E0F /* Assets.xcassets */ = {isa = PBXFileReference; lastKnownFileType = folder.assetcatalog; path = Assets.xcassets; sourceTree = "<group>"; };
		41D32A372A1E0251001D9E0F /* Base */ = {isa = PBXFileReference; lastKnownFileType = file.storyboard; name = Base; path = Base.lproj/LaunchScreen.storyboard; sourceTree = "<group>"; };
		41D32A392A1E0251001D9E0F /* Info.plist */ = {isa = PBXFileReference; lastKnownFileType = text.plist.xml; path = Info.plist; sourceTree = "<group>"; };
		41D32A3E2A1E0252001D9E0F /* RxSwift+MVVMTests.xctest */ = {isa = PBXFileReference; explicitFileType = wrapper.cfbundle; includeInIndex = 0; path = "RxSwift+MVVMTests.xctest"; sourceTree = BUILT_PRODUCTS_DIR; };
		41D32A422A1E0252001D9E0F /* RxSwift_MVVMTests.swift */ = {isa = PBXFileReference; lastKnownFileType = sourcecode.swift; path = RxSwift_MVVMTests.swift; sourceTree = "<group>"; };
		41D32A482A1E0252001D9E0F /* RxSwift+MVVMUITests.xctest */ = {isa = PBXFileReference; explicitFileType = wrapper.cfbundle; includeInIndex = 0; path = "RxSwift+MVVMUITests.xctest"; sourceTree = BUILT_PRODUCTS_DIR; };
		41D32A4C2A1E0252001D9E0F /* RxSwift_MVVMUITests.swift */ = {isa = PBXFileReference; lastKnownFileType = sourcecode.swift; path = RxSwift_MVVMUITests.swift; sourceTree = "<group>"; };
		41D32A4E2A1E0252001D9E0F /* RxSwift_MVVMUITestsLaunchTests.swift */ = {isa = PBXFileReference; lastKnownFileType = sourcecode.swift; path = RxSwift_MVVMUITestsLaunchTests.swift; sourceTree = "<group>"; };
		41D32A5C2A1E046D001D9E0F /* ListData.xib */ = {isa = PBXFileReference; lastKnownFileType = file.xib; path = ListData.xib; sourceTree = "<group>"; };
		41D32A5E2A1E047C001D9E0F /* ListDataModel.swift */ = {isa = PBXFileReference; lastKnownFileType = sourcecode.swift; path = ListDataModel.swift; sourceTree = "<group>"; };
		41D32A602A1E0486001D9E0F /* ListDataViewModel.swift */ = {isa = PBXFileReference; lastKnownFileType = sourcecode.swift; path = ListDataViewModel.swift; sourceTree = "<group>"; };
		41D32A622A1E049A001D9E0F /* ListDataViewController.swift */ = {isa = PBXFileReference; lastKnownFileType = sourcecode.swift; path = ListDataViewController.swift; sourceTree = "<group>"; };
		4BCFA565E7CFD6FBC5468B96 /* Pods-RxSwift+MVVMTests.release.xcconfig */ = {isa = PBXFileReference; includeInIndex = 1; lastKnownFileType = text.xcconfig; name = "Pods-RxSwift+MVVMTests.release.xcconfig"; path = "Target Support Files/Pods-RxSwift+MVVMTests/Pods-RxSwift+MVVMTests.release.xcconfig"; sourceTree = "<group>"; };
		7BC31F9B364B34CA693AD2D9 /* Pods-RxSwift+MVVM.debug.xcconfig */ = {isa = PBXFileReference; includeInIndex = 1; lastKnownFileType = text.xcconfig; name = "Pods-RxSwift+MVVM.debug.xcconfig"; path = "Target Support Files/Pods-RxSwift+MVVM/Pods-RxSwift+MVVM.debug.xcconfig"; sourceTree = "<group>"; };
		9ABF7E1E6BA6EE5FFEDA7B39 /* Pods_RxSwift_MVVMTests.framework */ = {isa = PBXFileReference; explicitFileType = wrapper.framework; includeInIndex = 0; path = Pods_RxSwift_MVVMTests.framework; sourceTree = BUILT_PRODUCTS_DIR; };
		9F2BB223380C8B80A371B458 /* Pods_RxSwift_MVVM_RxSwift_MVVMUITests.framework */ = {isa = PBXFileReference; explicitFileType = wrapper.framework; includeInIndex = 0; path = Pods_RxSwift_MVVM_RxSwift_MVVMUITests.framework; sourceTree = BUILT_PRODUCTS_DIR; };
		9F9FBF3206B62C0AF0BDB483 /* Pods-RxSwift+MVVM.release.xcconfig */ = {isa = PBXFileReference; includeInIndex = 1; lastKnownFileType = text.xcconfig; name = "Pods-RxSwift+MVVM.release.xcconfig"; path = "Target Support Files/Pods-RxSwift+MVVM/Pods-RxSwift+MVVM.release.xcconfig"; sourceTree = "<group>"; };
		A6EDD55E34AC7D46C2944FC0 /* Pods-RxSwift+MVVM-RxSwift+MVVMUITests.release.xcconfig */ = {isa = PBXFileReference; includeInIndex = 1; lastKnownFileType = text.xcconfig; name = "Pods-RxSwift+MVVM-RxSwift+MVVMUITests.release.xcconfig"; path = "Target Support Files/Pods-RxSwift+MVVM-RxSwift+MVVMUITests/Pods-RxSwift+MVVM-RxSwift+MVVMUITests.release.xcconfig"; sourceTree = "<group>"; };
		EB88049C592203DAAD8F2C17 /* Pods-RxSwift+MVVM-RxSwift+MVVMUITests.debug.xcconfig */ = {isa = PBXFileReference; includeInIndex = 1; lastKnownFileType = text.xcconfig; name = "Pods-RxSwift+MVVM-RxSwift+MVVMUITests.debug.xcconfig"; path = "Target Support Files/Pods-RxSwift+MVVM-RxSwift+MVVMUITests/Pods-RxSwift+MVVM-RxSwift+MVVMUITests.debug.xcconfig"; sourceTree = "<group>"; };
		EC39B4BD7961A98E0C1E27A4 /* Pods_RxSwift_MVVM.framework */ = {isa = PBXFileReference; explicitFileType = wrapper.framework; includeInIndex = 0; path = Pods_RxSwift_MVVM.framework; sourceTree = BUILT_PRODUCTS_DIR; };
		F56E52C74BF39B92265AC0B3 /* Pods-RxSwift+MVVMTests.debug.xcconfig */ = {isa = PBXFileReference; includeInIndex = 1; lastKnownFileType = text.xcconfig; name = "Pods-RxSwift+MVVMTests.debug.xcconfig"; path = "Target Support Files/Pods-RxSwift+MVVMTests/Pods-RxSwift+MVVMTests.debug.xcconfig"; sourceTree = "<group>"; };
/* End PBXFileReference section */

/* Begin PBXFrameworksBuildPhase section */
		41D32A252A1E024E001D9E0F /* Frameworks */ = {
			isa = PBXFrameworksBuildPhase;
			buildActionMask = 2147483647;
			files = (
				78BA4B2804B54856EC993F14 /* Pods_RxSwift_MVVM.framework in Frameworks */,
			);
			runOnlyForDeploymentPostprocessing = 0;
		};
		41D32A3B2A1E0252001D9E0F /* Frameworks */ = {
			isa = PBXFrameworksBuildPhase;
			buildActionMask = 2147483647;
			files = (
				4D525E195FD3B670B7F59230 /* Pods_RxSwift_MVVMTests.framework in Frameworks */,
			);
			runOnlyForDeploymentPostprocessing = 0;
		};
		41D32A452A1E0252001D9E0F /* Frameworks */ = {
			isa = PBXFrameworksBuildPhase;
			buildActionMask = 2147483647;
			files = (
				D273BDBE1F7D95DE27928D5C /* Pods_RxSwift_MVVM_RxSwift_MVVMUITests.framework in Frameworks */,
			);
			runOnlyForDeploymentPostprocessing = 0;
		};
/* End PBXFrameworksBuildPhase section */

/* Begin PBXGroup section */
		410B41832A6787C100829114 /* SubViews */ = {
			isa = PBXGroup;
			children = (
				410B41842A6787C100829114 /* NavBar */,
				410B41872A6787C100829114 /* Popup */,
				410B41882A6787C100829114 /* Alert */,
				410B41892A6787C100829114 /* GradientButton */,
				410B418B2A6787C100829114 /* BaseView.swift */,
			);
			path = SubViews;
			sourceTree = "<group>";
		};
		410B41842A6787C100829114 /* NavBar */ = {
			isa = PBXGroup;
			children = (
				410B41852A6787C100829114 /* NavBarHome.xib */,
				410B41862A6787C100829114 /* NavBarHome.swift */,
			);
			path = NavBar;
			sourceTree = "<group>";
		};
		410B41872A6787C100829114 /* Popup */ = {
			isa = PBXGroup;
			children = (
			);
			path = Popup;
			sourceTree = "<group>";
		};
		410B41882A6787C100829114 /* Alert */ = {
			isa = PBXGroup;
			children = (
			);
			path = Alert;
			sourceTree = "<group>";
		};
		410B41892A6787C100829114 /* GradientButton */ = {
			isa = PBXGroup;
			children = (
				410B418A2A6787C100829114 /* GradientButton.swift */,
			);
			path = GradientButton;
			sourceTree = "<group>";
		};
		410B41902A67889900829114 /* Cells */ = {
			isa = PBXGroup;
			children = (
				410B41912A6788BE00829114 /* FilmCell.swift */,
				410B41922A6788BE00829114 /* FilmCell.xib */,
				41C15D662A6A92060058B075 /* FilmsCell.xib */,
			);
			path = Cells;
			sourceTree = "<group>";
		};
		410B41952A678C7600829114 /* Common */ = {
			isa = PBXGroup;
			children = (
				410B41982A678D2300829114 /* Extensions */,
				410B41832A6787C100829114 /* SubViews */,
				410B41962A678C8D00829114 /* AppColor.swift */,
			);
			path = Common;
			sourceTree = "<group>";
		};
		410B41982A678D2300829114 /* Extensions */ = {
			isa = PBXGroup;
			children = (
				410B41992A678D3000829114 /* UIColor+.swift */,
				410B419B2A678D5900829114 /* UIView+.swift */,
				41C15D5F2A6A43030058B075 /* UIImage+.swift */,
				41C15D612A6A43A70058B075 /* Number+.swift */,
				41C15D632A6A7D090058B075 /* UIViewcontroller+.swift */,
			);
			path = Extensions;
			sourceTree = "<group>";
		};
		410B419D2A678EAE00829114 /* ListFilm */ = {
			isa = PBXGroup;
			children = (
				410B41902A67889900829114 /* Cells */,
				41D32A5C2A1E046D001D9E0F /* ListData.xib */,
				41D32A5E2A1E047C001D9E0F /* ListDataModel.swift */,
				41D32A602A1E0486001D9E0F /* ListDataViewModel.swift */,
				41D32A622A1E049A001D9E0F /* ListDataViewController.swift */,
			);
			path = ListFilm;
			sourceTree = "<group>";
		};
		41C15D5C2A6A24930058B075 /* Resources */ = {
			isa = PBXGroup;
			children = (
				41C15D5D2A6A24B20058B075 /* Home.xcassets */,
			);
			path = Resources;
			sourceTree = "<group>";
		};
		41D32A1F2A1E024E001D9E0F = {
			isa = PBXGroup;
			children = (
				41D32A2A2A1E024E001D9E0F /* RxSwift+MVVM */,
				41D32A412A1E0252001D9E0F /* RxSwift+MVVMTests */,
				41D32A4B2A1E0252001D9E0F /* RxSwift+MVVMUITests */,
				41D32A292A1E024E001D9E0F /* Products */,
				BB13411EC519741D6B1340E7 /* Pods */,
				F5715D62822E1598BFFBECD0 /* Frameworks */,
			);
			sourceTree = "<group>";
		};
		41D32A292A1E024E001D9E0F /* Products */ = {
			isa = PBXGroup;
			children = (
				41D32A282A1E024E001D9E0F /* RxSwift+MVVM.app */,
				41D32A3E2A1E0252001D9E0F /* RxSwift+MVVMTests.xctest */,
				41D32A482A1E0252001D9E0F /* RxSwift+MVVMUITests.xctest */,
			);
			name = Products;
			sourceTree = "<group>";
		};
		41D32A2A2A1E024E001D9E0F /* RxSwift+MVVM */ = {
			isa = PBXGroup;
			children = (
				410B41952A678C7600829114 /* Common */,
				41C15D5C2A6A24930058B075 /* Resources */,
				41D32A5B2A1E0441001D9E0F /* Scenes */,
				41D32A2B2A1E024E001D9E0F /* AppDelegate.swift */,
				41D32A2F2A1E024E001D9E0F /* ViewController.swift */,
				41D32A312A1E024E001D9E0F /* Main.storyboard */,
				41D32A342A1E0251001D9E0F /* Assets.xcassets */,
				41D32A362A1E0251001D9E0F /* LaunchScreen.storyboard */,
				41D32A392A1E0251001D9E0F /* Info.plist */,
			);
			path = "RxSwift+MVVM";
			sourceTree = "<group>";
		};
		41D32A412A1E0252001D9E0F /* RxSwift+MVVMTests */ = {
			isa = PBXGroup;
			children = (
				41D32A422A1E0252001D9E0F /* RxSwift_MVVMTests.swift */,
			);
			path = "RxSwift+MVVMTests";
			sourceTree = "<group>";
		};
		41D32A4B2A1E0252001D9E0F /* RxSwift+MVVMUITests */ = {
			isa = PBXGroup;
			children = (
				41D32A4C2A1E0252001D9E0F /* RxSwift_MVVMUITests.swift */,
				41D32A4E2A1E0252001D9E0F /* RxSwift_MVVMUITestsLaunchTests.swift */,
			);
			path = "RxSwift+MVVMUITests";
			sourceTree = "<group>";
		};
		41D32A5B2A1E0441001D9E0F /* Scenes */ = {
			isa = PBXGroup;
			children = (
				410B419D2A678EAE00829114 /* ListFilm */,
			);
			path = Scenes;
			sourceTree = "<group>";
		};
		BB13411EC519741D6B1340E7 /* Pods */ = {
			isa = PBXGroup;
			children = (
				7BC31F9B364B34CA693AD2D9 /* Pods-RxSwift+MVVM.debug.xcconfig */,
				9F9FBF3206B62C0AF0BDB483 /* Pods-RxSwift+MVVM.release.xcconfig */,
				EB88049C592203DAAD8F2C17 /* Pods-RxSwift+MVVM-RxSwift+MVVMUITests.debug.xcconfig */,
				A6EDD55E34AC7D46C2944FC0 /* Pods-RxSwift+MVVM-RxSwift+MVVMUITests.release.xcconfig */,
				F56E52C74BF39B92265AC0B3 /* Pods-RxSwift+MVVMTests.debug.xcconfig */,
				4BCFA565E7CFD6FBC5468B96 /* Pods-RxSwift+MVVMTests.release.xcconfig */,
			);
			path = Pods;
			sourceTree = "<group>";
		};
		F5715D62822E1598BFFBECD0 /* Frameworks */ = {
			isa = PBXGroup;
			children = (
				EC39B4BD7961A98E0C1E27A4 /* Pods_RxSwift_MVVM.framework */,
				9F2BB223380C8B80A371B458 /* Pods_RxSwift_MVVM_RxSwift_MVVMUITests.framework */,
				9ABF7E1E6BA6EE5FFEDA7B39 /* Pods_RxSwift_MVVMTests.framework */,
			);
			name = Frameworks;
			sourceTree = "<group>";
		};
/* End PBXGroup section */

/* Begin PBXNativeTarget section */
		41D32A272A1E024E001D9E0F /* RxSwift+MVVM */ = {
			isa = PBXNativeTarget;
			buildConfigurationList = 41D32A522A1E0252001D9E0F /* Build configuration list for PBXNativeTarget "RxSwift+MVVM" */;
			buildPhases = (
				549829405F1D45A69E8AF271 /* [CP] Check Pods Manifest.lock */,
				41D32A242A1E024E001D9E0F /* Sources */,
				41D32A252A1E024E001D9E0F /* Frameworks */,
				41D32A262A1E024E001D9E0F /* Resources */,
				7FDF58BB70D56489858BD998 /* [CP] Embed Pods Frameworks */,
			);
			buildRules = (
			);
			dependencies = (
			);
			name = "RxSwift+MVVM";
			productName = "RxSwift+MVVM";
			productReference = 41D32A282A1E024E001D9E0F /* RxSwift+MVVM.app */;
			productType = "com.apple.product-type.application";
		};
		41D32A3D2A1E0252001D9E0F /* RxSwift+MVVMTests */ = {
			isa = PBXNativeTarget;
			buildConfigurationList = 41D32A552A1E0252001D9E0F /* Build configuration list for PBXNativeTarget "RxSwift+MVVMTests" */;
			buildPhases = (
				43CEEC6C94229CFB669D69E4 /* [CP] Check Pods Manifest.lock */,
				41D32A3A2A1E0252001D9E0F /* Sources */,
				41D32A3B2A1E0252001D9E0F /* Frameworks */,
				41D32A3C2A1E0252001D9E0F /* Resources */,
			);
			buildRules = (
			);
			dependencies = (
				41D32A402A1E0252001D9E0F /* PBXTargetDependency */,
			);
			name = "RxSwift+MVVMTests";
			productName = "RxSwift+MVVMTests";
			productReference = 41D32A3E2A1E0252001D9E0F /* RxSwift+MVVMTests.xctest */;
			productType = "com.apple.product-type.bundle.unit-test";
		};
		41D32A472A1E0252001D9E0F /* RxSwift+MVVMUITests */ = {
			isa = PBXNativeTarget;
			buildConfigurationList = 41D32A582A1E0252001D9E0F /* Build configuration list for PBXNativeTarget "RxSwift+MVVMUITests" */;
			buildPhases = (
				7C8299057C70D03303EF26D4 /* [CP] Check Pods Manifest.lock */,
				41D32A442A1E0252001D9E0F /* Sources */,
				41D32A452A1E0252001D9E0F /* Frameworks */,
				41D32A462A1E0252001D9E0F /* Resources */,
				113EAEA60A0A05E57CDB6FFF /* [CP] Embed Pods Frameworks */,
			);
			buildRules = (
			);
			dependencies = (
				41D32A4A2A1E0252001D9E0F /* PBXTargetDependency */,
			);
			name = "RxSwift+MVVMUITests";
			productName = "RxSwift+MVVMUITests";
			productReference = 41D32A482A1E0252001D9E0F /* RxSwift+MVVMUITests.xctest */;
			productType = "com.apple.product-type.bundle.ui-testing";
		};
/* End PBXNativeTarget section */

/* Begin PBXProject section */
		41D32A202A1E024E001D9E0F /* Project object */ = {
			isa = PBXProject;
			attributes = {
				BuildIndependentTargetsInParallel = 1;
				LastSwiftUpdateCheck = 1430;
				LastUpgradeCheck = 1430;
				TargetAttributes = {
					41D32A272A1E024E001D9E0F = {
						CreatedOnToolsVersion = 14.3;
					};
					41D32A3D2A1E0252001D9E0F = {
						CreatedOnToolsVersion = 14.3;
						TestTargetID = 41D32A272A1E024E001D9E0F;
					};
					41D32A472A1E0252001D9E0F = {
						CreatedOnToolsVersion = 14.3;
						TestTargetID = 41D32A272A1E024E001D9E0F;
					};
				};
			};
			buildConfigurationList = 41D32A232A1E024E001D9E0F /* Build configuration list for PBXProject "RxSwift+MVVM" */;
			compatibilityVersion = "Xcode 14.0";
			developmentRegion = en;
			hasScannedForEncodings = 0;
			knownRegions = (
				en,
				Base,
			);
			mainGroup = 41D32A1F2A1E024E001D9E0F;
			productRefGroup = 41D32A292A1E024E001D9E0F /* Products */;
			projectDirPath = "";
			projectRoot = "";
			targets = (
				41D32A272A1E024E001D9E0F /* RxSwift+MVVM */,
				41D32A3D2A1E0252001D9E0F /* RxSwift+MVVMTests */,
				41D32A472A1E0252001D9E0F /* RxSwift+MVVMUITests */,
			);
		};
/* End PBXProject section */

/* Begin PBXResourcesBuildPhase section */
		41D32A262A1E024E001D9E0F /* Resources */ = {
			isa = PBXResourcesBuildPhase;
			buildActionMask = 2147483647;
			files = (
				41D32A382A1E0251001D9E0F /* LaunchScreen.storyboard in Resources */,
				410B41942A6788BE00829114 /* FilmCell.xib in Resources */,
				41D32A352A1E0251001D9E0F /* Assets.xcassets in Resources */,
				41D32A332A1E024E001D9E0F /* Main.storyboard in Resources */,
				41C15D5E2A6A24B20058B075 /* Home.xcassets in Resources */,
				41D32A5D2A1E046D001D9E0F /* ListData.xib in Resources */,
				41C15D682A6A92060058B075 /* FilmsCell.xib in Resources */,
				410B418C2A6787C200829114 /* NavBarHome.xib in Resources */,
			);
			runOnlyForDeploymentPostprocessing = 0;
		};
		41D32A3C2A1E0252001D9E0F /* Resources */ = {
			isa = PBXResourcesBuildPhase;
			buildActionMask = 2147483647;
			files = (
			);
			runOnlyForDeploymentPostprocessing = 0;
		};
		41D32A462A1E0252001D9E0F /* Resources */ = {
			isa = PBXResourcesBuildPhase;
			buildActionMask = 2147483647;
			files = (
			);
			runOnlyForDeploymentPostprocessing = 0;
		};
/* End PBXResourcesBuildPhase section */

/* Begin PBXShellScriptBuildPhase section */
		113EAEA60A0A05E57CDB6FFF /* [CP] Embed Pods Frameworks */ = {
			isa = PBXShellScriptBuildPhase;
			buildActionMask = 2147483647;
			files = (
			);
			inputFileListPaths = (
				"${PODS_ROOT}/Target Support Files/Pods-RxSwift+MVVM-RxSwift+MVVMUITests/Pods-RxSwift+MVVM-RxSwift+MVVMUITests-frameworks-${CONFIGURATION}-input-files.xcfilelist",
			);
			name = "[CP] Embed Pods Frameworks";
			outputFileListPaths = (
				"${PODS_ROOT}/Target Support Files/Pods-RxSwift+MVVM-RxSwift+MVVMUITests/Pods-RxSwift+MVVM-RxSwift+MVVMUITests-frameworks-${CONFIGURATION}-output-files.xcfilelist",
			);
			runOnlyForDeploymentPostprocessing = 0;
			shellPath = /bin/sh;
			shellScript = "\"${PODS_ROOT}/Target Support Files/Pods-RxSwift+MVVM-RxSwift+MVVMUITests/Pods-RxSwift+MVVM-RxSwift+MVVMUITests-frameworks.sh\"\n";
			showEnvVarsInLog = 0;
		};
		43CEEC6C94229CFB669D69E4 /* [CP] Check Pods Manifest.lock */ = {
			isa = PBXShellScriptBuildPhase;
			buildActionMask = 2147483647;
			files = (
			);
			inputFileListPaths = (
			);
			inputPaths = (
				"${PODS_PODFILE_DIR_PATH}/Podfile.lock",
				"${PODS_ROOT}/Manifest.lock",
			);
			name = "[CP] Check Pods Manifest.lock";
			outputFileListPaths = (
			);
			outputPaths = (
				"$(DERIVED_FILE_DIR)/Pods-RxSwift+MVVMTests-checkManifestLockResult.txt",
			);
			runOnlyForDeploymentPostprocessing = 0;
			shellPath = /bin/sh;
			shellScript = "diff \"${PODS_PODFILE_DIR_PATH}/Podfile.lock\" \"${PODS_ROOT}/Manifest.lock\" > /dev/null\nif [ $? != 0 ] ; then\n    # print error to STDERR\n    echo \"error: The sandbox is not in sync with the Podfile.lock. Run 'pod install' or update your CocoaPods installation.\" >&2\n    exit 1\nfi\n# This output is used by Xcode 'outputs' to avoid re-running this script phase.\necho \"SUCCESS\" > \"${SCRIPT_OUTPUT_FILE_0}\"\n";
			showEnvVarsInLog = 0;
		};
		549829405F1D45A69E8AF271 /* [CP] Check Pods Manifest.lock */ = {
			isa = PBXShellScriptBuildPhase;
			buildActionMask = 2147483647;
			files = (
			);
			inputFileListPaths = (
			);
			inputPaths = (
				"${PODS_PODFILE_DIR_PATH}/Podfile.lock",
				"${PODS_ROOT}/Manifest.lock",
			);
			name = "[CP] Check Pods Manifest.lock";
			outputFileListPaths = (
			);
			outputPaths = (
				"$(DERIVED_FILE_DIR)/Pods-RxSwift+MVVM-checkManifestLockResult.txt",
			);
			runOnlyForDeploymentPostprocessing = 0;
			shellPath = /bin/sh;
			shellScript = "diff \"${PODS_PODFILE_DIR_PATH}/Podfile.lock\" \"${PODS_ROOT}/Manifest.lock\" > /dev/null\nif [ $? != 0 ] ; then\n    # print error to STDERR\n    echo \"error: The sandbox is not in sync with the Podfile.lock. Run 'pod install' or update your CocoaPods installation.\" >&2\n    exit 1\nfi\n# This output is used by Xcode 'outputs' to avoid re-running this script phase.\necho \"SUCCESS\" > \"${SCRIPT_OUTPUT_FILE_0}\"\n";
			showEnvVarsInLog = 0;
		};
		7C8299057C70D03303EF26D4 /* [CP] Check Pods Manifest.lock */ = {
			isa = PBXShellScriptBuildPhase;
			buildActionMask = 2147483647;
			files = (
			);
			inputFileListPaths = (
			);
			inputPaths = (
				"${PODS_PODFILE_DIR_PATH}/Podfile.lock",
				"${PODS_ROOT}/Manifest.lock",
			);
			name = "[CP] Check Pods Manifest.lock";
			outputFileListPaths = (
			);
			outputPaths = (
				"$(DERIVED_FILE_DIR)/Pods-RxSwift+MVVM-RxSwift+MVVMUITests-checkManifestLockResult.txt",
			);
			runOnlyForDeploymentPostprocessing = 0;
			shellPath = /bin/sh;
			shellScript = "diff \"${PODS_PODFILE_DIR_PATH}/Podfile.lock\" \"${PODS_ROOT}/Manifest.lock\" > /dev/null\nif [ $? != 0 ] ; then\n    # print error to STDERR\n    echo \"error: The sandbox is not in sync with the Podfile.lock. Run 'pod install' or update your CocoaPods installation.\" >&2\n    exit 1\nfi\n# This output is used by Xcode 'outputs' to avoid re-running this script phase.\necho \"SUCCESS\" > \"${SCRIPT_OUTPUT_FILE_0}\"\n";
			showEnvVarsInLog = 0;
		};
		7FDF58BB70D56489858BD998 /* [CP] Embed Pods Frameworks */ = {
			isa = PBXShellScriptBuildPhase;
			buildActionMask = 2147483647;
			files = (
			);
			inputFileListPaths = (
				"${PODS_ROOT}/Target Support Files/Pods-RxSwift+MVVM/Pods-RxSwift+MVVM-frameworks-${CONFIGURATION}-input-files.xcfilelist",
			);
			name = "[CP] Embed Pods Frameworks";
			outputFileListPaths = (
				"${PODS_ROOT}/Target Support Files/Pods-RxSwift+MVVM/Pods-RxSwift+MVVM-frameworks-${CONFIGURATION}-output-files.xcfilelist",
			);
			runOnlyForDeploymentPostprocessing = 0;
			shellPath = /bin/sh;
			shellScript = "\"${PODS_ROOT}/Target Support Files/Pods-RxSwift+MVVM/Pods-RxSwift+MVVM-frameworks.sh\"\n";
			showEnvVarsInLog = 0;
		};
/* End PBXShellScriptBuildPhase section */

/* Begin PBXSourcesBuildPhase section */
		41D32A242A1E024E001D9E0F /* Sources */ = {
			isa = PBXSourcesBuildPhase;
			buildActionMask = 2147483647;
			files = (
				410B419C2A678D5900829114 /* UIView+.swift in Sources */,
				410B41932A6788BE00829114 /* FilmCell.swift in Sources */,
				410B41972A678C8D00829114 /* AppColor.swift in Sources */,
				410B418E2A6787C200829114 /* GradientButton.swift in Sources */,
				410B418D2A6787C200829114 /* NavBarHome.swift in Sources */,
				410B419A2A678D3000829114 /* UIColor+.swift in Sources */,
				41D32A632A1E049A001D9E0F /* ListDataViewController.swift in Sources */,
				41D32A302A1E024E001D9E0F /* ViewController.swift in Sources */,
				41C15D642A6A7D090058B075 /* UIViewcontroller+.swift in Sources */,
				41C15D622A6A43A70058B075 /* Number+.swift in Sources */,
				41D32A5F2A1E047C001D9E0F /* ListDataModel.swift in Sources */,
				41C15D602A6A43030058B075 /* UIImage+.swift in Sources */,
				41D32A2C2A1E024E001D9E0F /* AppDelegate.swift in Sources */,
				41D32A612A1E0486001D9E0F /* ListDataViewModel.swift in Sources */,
				410B418F2A6787C200829114 /* BaseView.swift in Sources */,
			);
			runOnlyForDeploymentPostprocessing = 0;
		};
		41D32A3A2A1E0252001D9E0F /* Sources */ = {
			isa = PBXSourcesBuildPhase;
			buildActionMask = 2147483647;
			files = (
				41D32A432A1E0252001D9E0F /* RxSwift_MVVMTests.swift in Sources */,
			);
			runOnlyForDeploymentPostprocessing = 0;
		};
		41D32A442A1E0252001D9E0F /* Sources */ = {
			isa = PBXSourcesBuildPhase;
			buildActionMask = 2147483647;
			files = (
				41D32A4F2A1E0252001D9E0F /* RxSwift_MVVMUITestsLaunchTests.swift in Sources */,
				41D32A4D2A1E0252001D9E0F /* RxSwift_MVVMUITests.swift in Sources */,
			);
			runOnlyForDeploymentPostprocessing = 0;
		};
/* End PBXSourcesBuildPhase section */

/* Begin PBXTargetDependency section */
		41D32A402A1E0252001D9E0F /* PBXTargetDependency */ = {
			isa = PBXTargetDependency;
			target = 41D32A272A1E024E001D9E0F /* RxSwift+MVVM */;
			targetProxy = 41D32A3F2A1E0252001D9E0F /* PBXContainerItemProxy */;
		};
		41D32A4A2A1E0252001D9E0F /* PBXTargetDependency */ = {
			isa = PBXTargetDependency;
			target = 41D32A272A1E024E001D9E0F /* RxSwift+MVVM */;
			targetProxy = 41D32A492A1E0252001D9E0F /* PBXContainerItemProxy */;
		};
/* End PBXTargetDependency section */

/* Begin PBXVariantGroup section */
		41D32A312A1E024E001D9E0F /* Main.storyboard */ = {
			isa = PBXVariantGroup;
			children = (
				41D32A322A1E024E001D9E0F /* Base */,
			);
			name = Main.storyboard;
			sourceTree = "<group>";
		};
		41D32A362A1E0251001D9E0F /* LaunchScreen.storyboard */ = {
			isa = PBXVariantGroup;
			children = (
				41D32A372A1E0251001D9E0F /* Base */,
			);
			name = LaunchScreen.storyboard;
			sourceTree = "<group>";
		};
/* End PBXVariantGroup section */

/* Begin XCBuildConfiguration section */
		41D32A502A1E0252001D9E0F /* Debug */ = {
			isa = XCBuildConfiguration;
			buildSettings = {
				ALWAYS_SEARCH_USER_PATHS = NO;
				CLANG_ANALYZER_NONNULL = YES;
				CLANG_ANALYZER_NUMBER_OBJECT_CONVERSION = YES_AGGRESSIVE;
				CLANG_CXX_LANGUAGE_STANDARD = "gnu++20";
				CLANG_ENABLE_MODULES = YES;
				CLANG_ENABLE_OBJC_ARC = YES;
				CLANG_ENABLE_OBJC_WEAK = YES;
				CLANG_WARN_BLOCK_CAPTURE_AUTORELEASING = YES;
				CLANG_WARN_BOOL_CONVERSION = YES;
				CLANG_WARN_COMMA = YES;
				CLANG_WARN_CONSTANT_CONVERSION = YES;
				CLANG_WARN_DEPRECATED_OBJC_IMPLEMENTATIONS = YES;
				CLANG_WARN_DIRECT_OBJC_ISA_USAGE = YES_ERROR;
				CLANG_WARN_DOCUMENTATION_COMMENTS = YES;
				CLANG_WARN_EMPTY_BODY = YES;
				CLANG_WARN_ENUM_CONVERSION = YES;
				CLANG_WARN_INFINITE_RECURSION = YES;
				CLANG_WARN_INT_CONVERSION = YES;
				CLANG_WARN_NON_LITERAL_NULL_CONVERSION = YES;
				CLANG_WARN_OBJC_IMPLICIT_RETAIN_SELF = YES;
				CLANG_WARN_OBJC_LITERAL_CONVERSION = YES;
				CLANG_WARN_OBJC_ROOT_CLASS = YES_ERROR;
				CLANG_WARN_QUOTED_INCLUDE_IN_FRAMEWORK_HEADER = YES;
				CLANG_WARN_RANGE_LOOP_ANALYSIS = YES;
				CLANG_WARN_STRICT_PROTOTYPES = YES;
				CLANG_WARN_SUSPICIOUS_MOVE = YES;
				CLANG_WARN_UNGUARDED_AVAILABILITY = YES_AGGRESSIVE;
				CLANG_WARN_UNREACHABLE_CODE = YES;
				CLANG_WARN__DUPLICATE_METHOD_MATCH = YES;
				COPY_PHASE_STRIP = NO;
				DEBUG_INFORMATION_FORMAT = dwarf;
				ENABLE_STRICT_OBJC_MSGSEND = YES;
				ENABLE_TESTABILITY = YES;
				GCC_C_LANGUAGE_STANDARD = gnu11;
				GCC_DYNAMIC_NO_PIC = NO;
				GCC_NO_COMMON_BLOCKS = YES;
				GCC_OPTIMIZATION_LEVEL = 0;
				GCC_PREPROCESSOR_DEFINITIONS = (
					"DEBUG=1",
					"$(inherited)",
				);
				GCC_WARN_64_TO_32_BIT_CONVERSION = YES;
				GCC_WARN_ABOUT_RETURN_TYPE = YES_ERROR;
				GCC_WARN_UNDECLARED_SELECTOR = YES;
				GCC_WARN_UNINITIALIZED_AUTOS = YES_AGGRESSIVE;
				GCC_WARN_UNUSED_FUNCTION = YES;
				GCC_WARN_UNUSED_VARIABLE = YES;
				IPHONEOS_DEPLOYMENT_TARGET = 16.4;
				MTL_ENABLE_DEBUG_INFO = INCLUDE_SOURCE;
				MTL_FAST_MATH = YES;
				ONLY_ACTIVE_ARCH = YES;
				SDKROOT = iphoneos;
				SWIFT_ACTIVE_COMPILATION_CONDITIONS = DEBUG;
				SWIFT_OPTIMIZATION_LEVEL = "-Onone";
			};
			name = Debug;
		};
		41D32A512A1E0252001D9E0F /* Release */ = {
			isa = XCBuildConfiguration;
			buildSettings = {
				ALWAYS_SEARCH_USER_PATHS = NO;
				CLANG_ANALYZER_NONNULL = YES;
				CLANG_ANALYZER_NUMBER_OBJECT_CONVERSION = YES_AGGRESSIVE;
				CLANG_CXX_LANGUAGE_STANDARD = "gnu++20";
				CLANG_ENABLE_MODULES = YES;
				CLANG_ENABLE_OBJC_ARC = YES;
				CLANG_ENABLE_OBJC_WEAK = YES;
				CLANG_WARN_BLOCK_CAPTURE_AUTORELEASING = YES;
				CLANG_WARN_BOOL_CONVERSION = YES;
				CLANG_WARN_COMMA = YES;
				CLANG_WARN_CONSTANT_CONVERSION = YES;
				CLANG_WARN_DEPRECATED_OBJC_IMPLEMENTATIONS = YES;
				CLANG_WARN_DIRECT_OBJC_ISA_USAGE = YES_ERROR;
				CLANG_WARN_DOCUMENTATION_COMMENTS = YES;
				CLANG_WARN_EMPTY_BODY = YES;
				CLANG_WARN_ENUM_CONVERSION = YES;
				CLANG_WARN_INFINITE_RECURSION = YES;
				CLANG_WARN_INT_CONVERSION = YES;
				CLANG_WARN_NON_LITERAL_NULL_CONVERSION = YES;
				CLANG_WARN_OBJC_IMPLICIT_RETAIN_SELF = YES;
				CLANG_WARN_OBJC_LITERAL_CONVERSION = YES;
				CLANG_WARN_OBJC_ROOT_CLASS = YES_ERROR;
				CLANG_WARN_QUOTED_INCLUDE_IN_FRAMEWORK_HEADER = YES;
				CLANG_WARN_RANGE_LOOP_ANALYSIS = YES;
				CLANG_WARN_STRICT_PROTOTYPES = YES;
				CLANG_WARN_SUSPICIOUS_MOVE = YES;
				CLANG_WARN_UNGUARDED_AVAILABILITY = YES_AGGRESSIVE;
				CLANG_WARN_UNREACHABLE_CODE = YES;
				CLANG_WARN__DUPLICATE_METHOD_MATCH = YES;
				COPY_PHASE_STRIP = NO;
				DEBUG_INFORMATION_FORMAT = "dwarf-with-dsym";
				ENABLE_NS_ASSERTIONS = NO;
				ENABLE_STRICT_OBJC_MSGSEND = YES;
				GCC_C_LANGUAGE_STANDARD = gnu11;
				GCC_NO_COMMON_BLOCKS = YES;
				GCC_WARN_64_TO_32_BIT_CONVERSION = YES;
				GCC_WARN_ABOUT_RETURN_TYPE = YES_ERROR;
				GCC_WARN_UNDECLARED_SELECTOR = YES;
				GCC_WARN_UNINITIALIZED_AUTOS = YES_AGGRESSIVE;
				GCC_WARN_UNUSED_FUNCTION = YES;
				GCC_WARN_UNUSED_VARIABLE = YES;
				IPHONEOS_DEPLOYMENT_TARGET = 16.4;
				MTL_ENABLE_DEBUG_INFO = NO;
				MTL_FAST_MATH = YES;
				SDKROOT = iphoneos;
				SWIFT_COMPILATION_MODE = wholemodule;
				SWIFT_OPTIMIZATION_LEVEL = "-O";
				VALIDATE_PRODUCT = YES;
			};
			name = Release;
		};
		41D32A532A1E0252001D9E0F /* Debug */ = {
			isa = XCBuildConfiguration;
			baseConfigurationReference = 7BC31F9B364B34CA693AD2D9 /* Pods-RxSwift+MVVM.debug.xcconfig */;
			buildSettings = {
				ASSETCATALOG_COMPILER_APPICON_NAME = AppIcon;
				ASSETCATALOG_COMPILER_GLOBAL_ACCENT_COLOR_NAME = AccentColor;
				CODE_SIGN_STYLE = Automatic;
				CURRENT_PROJECT_VERSION = 1;
				DEVELOPMENT_TEAM = 56A4FLT79R;
				GENERATE_INFOPLIST_FILE = YES;
				INFOPLIST_FILE = "RxSwift+MVVM/Info.plist";
				INFOPLIST_KEY_UIApplicationSupportsIndirectInputEvents = YES;
				INFOPLIST_KEY_UILaunchStoryboardName = "";
				INFOPLIST_KEY_UIMainStoryboardFile = Main;
				INFOPLIST_KEY_UISupportedInterfaceOrientations_iPad = "UIInterfaceOrientationPortrait UIInterfaceOrientationPortraitUpsideDown UIInterfaceOrientationLandscapeLeft UIInterfaceOrientationLandscapeRight";
				INFOPLIST_KEY_UISupportedInterfaceOrientations_iPhone = "UIInterfaceOrientationPortrait UIInterfaceOrientationLandscapeLeft UIInterfaceOrientationLandscapeRight";
				IPHONEOS_DEPLOYMENT_TARGET = 11.0;
				LD_RUNPATH_SEARCH_PATHS = (
					"$(inherited)",
					"@executable_path/Frameworks",
				);
				MARKETING_VERSION = 1.0;
				PRODUCT_BUNDLE_IDENTIFIER = "MyOrganization.RxSwift-MVVM";
				PRODUCT_NAME = "$(TARGET_NAME)";
				SWIFT_EMIT_LOC_STRINGS = YES;
				SWIFT_VERSION = 5.0;
				TARGETED_DEVICE_FAMILY = "1,2";
			};
			name = Debug;
		};
		41D32A542A1E0252001D9E0F /* Release */ = {
			isa = XCBuildConfiguration;
			baseConfigurationReference = 9F9FBF3206B62C0AF0BDB483 /* Pods-RxSwift+MVVM.release.xcconfig */;
			buildSettings = {
				ASSETCATALOG_COMPILER_APPICON_NAME = AppIcon;
				ASSETCATALOG_COMPILER_GLOBAL_ACCENT_COLOR_NAME = AccentColor;
				CODE_SIGN_STYLE = Automatic;
				CURRENT_PROJECT_VERSION = 1;
				DEVELOPMENT_TEAM = 56A4FLT79R;
				GENERATE_INFOPLIST_FILE = YES;
				INFOPLIST_FILE = "RxSwift+MVVM/Info.plist";
				INFOPLIST_KEY_UIApplicationSupportsIndirectInputEvents = YES;
				INFOPLIST_KEY_UILaunchStoryboardName = "";
				INFOPLIST_KEY_UIMainStoryboardFile = Main;
				INFOPLIST_KEY_UISupportedInterfaceOrientations_iPad = "UIInterfaceOrientationPortrait UIInterfaceOrientationPortraitUpsideDown UIInterfaceOrientationLandscapeLeft UIInterfaceOrientationLandscapeRight";
				INFOPLIST_KEY_UISupportedInterfaceOrientations_iPhone = "UIInterfaceOrientationPortrait UIInterfaceOrientationLandscapeLeft UIInterfaceOrientationLandscapeRight";
				IPHONEOS_DEPLOYMENT_TARGET = 11.0;
				LD_RUNPATH_SEARCH_PATHS = (
					"$(inherited)",
					"@executable_path/Frameworks",
				);
				MARKETING_VERSION = 1.0;
				PRODUCT_BUNDLE_IDENTIFIER = "MyOrganization.RxSwift-MVVM";
				PRODUCT_NAME = "$(TARGET_NAME)";
				SWIFT_EMIT_LOC_STRINGS = YES;
				SWIFT_VERSION = 5.0;
				TARGETED_DEVICE_FAMILY = "1,2";
			};
			name = Release;
		};
		41D32A562A1E0252001D9E0F /* Debug */ = {
			isa = XCBuildConfiguration;
			baseConfigurationReference = F56E52C74BF39B92265AC0B3 /* Pods-RxSwift+MVVMTests.debug.xcconfig */;
			buildSettings = {
				ALWAYS_EMBED_SWIFT_STANDARD_LIBRARIES = YES;
				BUNDLE_LOADER = "$(TEST_HOST)";
				CODE_SIGN_STYLE = Automatic;
				CURRENT_PROJECT_VERSION = 1;
				DEVELOPMENT_TEAM = 56A4FLT79R;
				GENERATE_INFOPLIST_FILE = YES;
				IPHONEOS_DEPLOYMENT_TARGET = 16.4;
				MARKETING_VERSION = 1.0;
				PRODUCT_BUNDLE_IDENTIFIER = "MyOrganization.RxSwift-MVVMTests";
				PRODUCT_NAME = "$(TARGET_NAME)";
				SWIFT_EMIT_LOC_STRINGS = NO;
				SWIFT_VERSION = 5.0;
				TARGETED_DEVICE_FAMILY = "1,2";
				TEST_HOST = "$(BUILT_PRODUCTS_DIR)/RxSwift+MVVM.app/$(BUNDLE_EXECUTABLE_FOLDER_PATH)/RxSwift+MVVM";
			};
			name = Debug;
		};
		41D32A572A1E0252001D9E0F /* Release */ = {
			isa = XCBuildConfiguration;
			baseConfigurationReference = 4BCFA565E7CFD6FBC5468B96 /* Pods-RxSwift+MVVMTests.release.xcconfig */;
			buildSettings = {
				ALWAYS_EMBED_SWIFT_STANDARD_LIBRARIES = YES;
				BUNDLE_LOADER = "$(TEST_HOST)";
				CODE_SIGN_STYLE = Automatic;
				CURRENT_PROJECT_VERSION = 1;
				DEVELOPMENT_TEAM = 56A4FLT79R;
				GENERATE_INFOPLIST_FILE = YES;
				IPHONEOS_DEPLOYMENT_TARGET = 16.4;
				MARKETING_VERSION = 1.0;
				PRODUCT_BUNDLE_IDENTIFIER = "MyOrganization.RxSwift-MVVMTests";
				PRODUCT_NAME = "$(TARGET_NAME)";
				SWIFT_EMIT_LOC_STRINGS = NO;
				SWIFT_VERSION = 5.0;
				TARGETED_DEVICE_FAMILY = "1,2";
				TEST_HOST = "$(BUILT_PRODUCTS_DIR)/RxSwift+MVVM.app/$(BUNDLE_EXECUTABLE_FOLDER_PATH)/RxSwift+MVVM";
			};
			name = Release;
		};
		41D32A592A1E0252001D9E0F /* Debug */ = {
			isa = XCBuildConfiguration;
			baseConfigurationReference = EB88049C592203DAAD8F2C17 /* Pods-RxSwift+MVVM-RxSwift+MVVMUITests.debug.xcconfig */;
			buildSettings = {
				ALWAYS_EMBED_SWIFT_STANDARD_LIBRARIES = YES;
				CODE_SIGN_STYLE = Automatic;
				CURRENT_PROJECT_VERSION = 1;
				DEVELOPMENT_TEAM = 56A4FLT79R;
				GENERATE_INFOPLIST_FILE = YES;
				MARKETING_VERSION = 1.0;
				PRODUCT_BUNDLE_IDENTIFIER = "MyOrganization.RxSwift-MVVMUITests";
				PRODUCT_NAME = "$(TARGET_NAME)";
				SWIFT_EMIT_LOC_STRINGS = NO;
				SWIFT_VERSION = 5.0;
				TARGETED_DEVICE_FAMILY = "1,2";
				TEST_TARGET_NAME = "RxSwift+MVVM";
			};
			name = Debug;
		};
		41D32A5A2A1E0252001D9E0F /* Release */ = {
			isa = XCBuildConfiguration;
			baseConfigurationReference = A6EDD55E34AC7D46C2944FC0 /* Pods-RxSwift+MVVM-RxSwift+MVVMUITests.release.xcconfig */;
			buildSettings = {
				ALWAYS_EMBED_SWIFT_STANDARD_LIBRARIES = YES;
				CODE_SIGN_STYLE = Automatic;
				CURRENT_PROJECT_VERSION = 1;
				DEVELOPMENT_TEAM = 56A4FLT79R;
				GENERATE_INFOPLIST_FILE = YES;
				MARKETING_VERSION = 1.0;
				PRODUCT_BUNDLE_IDENTIFIER = "MyOrganization.RxSwift-MVVMUITests";
				PRODUCT_NAME = "$(TARGET_NAME)";
				SWIFT_EMIT_LOC_STRINGS = NO;
				SWIFT_VERSION = 5.0;
				TARGETED_DEVICE_FAMILY = "1,2";
				TEST_TARGET_NAME = "RxSwift+MVVM";
			};
			name = Release;
		};
/* End XCBuildConfiguration section */

/* Begin XCConfigurationList section */
		41D32A232A1E024E001D9E0F /* Build configuration list for PBXProject "RxSwift+MVVM" */ = {
			isa = XCConfigurationList;
			buildConfigurations = (
				41D32A502A1E0252001D9E0F /* Debug */,
				41D32A512A1E0252001D9E0F /* Release */,
			);
			defaultConfigurationIsVisible = 0;
			defaultConfigurationName = Release;
		};
		41D32A522A1E0252001D9E0F /* Build configuration list for PBXNativeTarget "RxSwift+MVVM" */ = {
			isa = XCConfigurationList;
			buildConfigurations = (
				41D32A532A1E0252001D9E0F /* Debug */,
				41D32A542A1E0252001D9E0F /* Release */,
			);
			defaultConfigurationIsVisible = 0;
			defaultConfigurationName = Release;
		};
		41D32A552A1E0252001D9E0F /* Build configuration list for PBXNativeTarget "RxSwift+MVVMTests" */ = {
			isa = XCConfigurationList;
			buildConfigurations = (
				41D32A562A1E0252001D9E0F /* Debug */,
				41D32A572A1E0252001D9E0F /* Release */,
			);
			defaultConfigurationIsVisible = 0;
			defaultConfigurationName = Release;
		};
		41D32A582A1E0252001D9E0F /* Build configuration list for PBXNativeTarget "RxSwift+MVVMUITests" */ = {
			isa = XCConfigurationList;
			buildConfigurations = (
				41D32A592A1E0252001D9E0F /* Debug */,
				41D32A5A2A1E0252001D9E0F /* Release */,
			);
			defaultConfigurationIsVisible = 0;
			defaultConfigurationName = Release;
		};
/* End XCConfigurationList section */
	};
	rootObject = 41D32A202A1E024E001D9E0F /* Project object */;
}
